github.com/apex/go-apex v1.0.0 h1:Em8+vo4WXEQp7GfNDTr35HRnE5sFYcRpkTODpVjU39A=
github.com/apex/go-apex v1.0.0/go.mod h1:Hy8WsL4dnQc/bYBxElRQ7xHXLNBAqz0BVxUhHiGwKLA=
github.com/tj/go-gateway v0.0.0-20160603205423-18acdb1be89b h1:KF+iT3k08dR3RnE+EohewWIidKcbLOyaASaMJMvWnhc=
github.com/tj/go-gateway v0.0.0-20160603205423-18acdb1be89b/go.mod h1:xpDVvPAXLpb1JoFosKCtNM5w9gIAm1vZvNKReBReqTA=
github.com/zhgo/nameconv v0.0.0-20150818084924-c69c59aef776 h1:tuSzdXRr1QMVfxa7gfNuLXuJFfBaUcFgRIZVldobhRw=
github.com/zhgo/nameconv v0.0.0-20150818084924-c69c59aef776/go.mod h1:Q3kPYi/UjdekKjLHf0K5/oYwHXGdAjaS96D67eq3P4Y=
